
Microsoft Visual Studio Solution File, Format Version 12.00
# Visual Studio Version 17
VisualStudioVersion = 17.0.31903.59
MinimumVisualStudioVersion = 10.0.40219.1
Project("{2150E333-8FDC-42A3-9474-1A3956D46DE8}") = "src", "src", "{87DB4F87-09A7-4DA2-8A92-457786C9EE9D}"
EndProject
Project("{FAE04EC0-301F-11D3-BF4B-00C04F79EFBC}") = "Bison.CLI", "src\Bison.CLI\Bison.CLI.csproj", "{3047B795-ED9B-4E5D-94F8-C946D960A2CC}"
EndProject
Project("{FAE04EC0-301F-11D3-BF4B-00C04F79EFBC}") = "SimpleDB", "src\SimpleDB\SimpleDB.csproj", "{094F9690-BA15-43D9-830E-F4F381F8F98B}"
EndProject
Global
	GlobalSection(SolutionConfigurationPlatforms) = preSolution
		Debug|Any CPU = Debug|Any CPU
		Release|Any CPU = Release|Any CPU
	EndGlobalSection
	GlobalSection(SolutionProperties) = preSolution
		HideSolutionNode = FALSE
	EndGlobalSection
	GlobalSection(ProjectConfigurationPlatforms) = postSolution
		{3047B795-ED9B-4E5D-94F8-C946D960A2CC}.Debug|Any CPU.ActiveCfg = Debug|Any CPU
		{3047B795-ED9B-4E5D-94F8-C946D960A2CC}.Debug|Any CPU.Build.0 = Debug|Any CPU
		{3047B795-ED9B-4E5D-94F8-C946D960A2CC}.Release|Any CPU.ActiveCfg = Release|Any CPU
		{3047B795-ED9B-4E5D-94F8-C946D960A2CC}.Release|Any CPU.Build.0 = Release|Any CPU
		{094F9690-BA15-43D9-830E-F4F381F8F98B}.Debug|Any CPU.ActiveCfg = Debug|Any CPU
		{094F9690-BA15-43D9-830E-F4F381F8F98B}.Debug|Any CPU.Build.0 = Debug|Any CPU
		{094F9690-BA15-43D9-830E-F4F381F8F98B}.Release|Any CPU.ActiveCfg = Release|Any CPU
		{094F9690-BA15-43D9-830E-F4F381F8F98B}.Release|Any CPU.Build.0 = Release|Any CPU
	EndGlobalSection
	GlobalSection(NestedProjects) = preSolution
		{3047B795-ED9B-4E5D-94F8-C946D960A2CC} = {87DB4F87-09A7-4DA2-8A92-457786C9EE9D}
		{094F9690-BA15-43D9-830E-F4F381F8F98B} = {87DB4F87-09A7-4DA2-8A92-457786C9EE9D}
	EndGlobalSection
EndGlobal
